
Microsoft Visual Studio Solution File, Format Version 12.00
# Visual Studio 2013
VisualStudioVersion = 12.0.30110.0
MinimumVisualStudioVersion = 10.0.40219.1
Project("{FAE04EC0-301F-11D3-BF4B-00C04F79EFBC}") = "Ping", "Ping\Ping.csproj", "{D4C2F1B7-FF7C-41CD-BD3A-E1C8BE38881A}"
EndProject
Project("{FAE04EC0-301F-11D3-BF4B-00C04F79EFBC}") = "PingWpf", "PingWpf\PingWpf.csproj", "{9274528E-0544-4BB7-8958-AA05380E0F7C}"
EndProject
Project("{FAE04EC0-301F-11D3-BF4B-00C04F79EFBC}") = "Ping.DAO", "Ping.DAO\Ping.DAO.csproj", "{30AD1166-4E0D-447B-A65F-208DEFE17506}"
EndProject
Project("{FAE04EC0-301F-11D3-BF4B-00C04F79EFBC}") = "Ping.Accion", "Ping.Accion\Ping.Accion.csproj", "{A886218A-A903-494F-B535-59E1F85E98F1}"
EndProject
Project("{FAE04EC0-301F-11D3-BF4B-00C04F79EFBC}") = "Ping.BO", "Ping.BO\Ping.BO.csproj", "{798DE5A2-938C-4C5C-96B2-BEF3D16F245F}"
EndProject
Global
	GlobalSection(SubversionScc) = preSolution
		Svn-Managed = True
		Manager = AnkhSVN - Subversion Support for Visual Studio
	EndGlobalSection
	GlobalSection(SolutionConfigurationPlatforms) = preSolution
		CD_ROM|Any CPU = CD_ROM|Any CPU
		Debug|Any CPU = Debug|Any CPU
		DVD-5|Any CPU = DVD-5|Any CPU
		Release|Any CPU = Release|Any CPU
		SingleImage|Any CPU = SingleImage|Any CPU
	EndGlobalSection
	GlobalSection(ProjectConfigurationPlatforms) = postSolution
		{D4C2F1B7-FF7C-41CD-BD3A-E1C8BE38881A}.CD_ROM|Any CPU.ActiveCfg = Release|Any CPU
		{D4C2F1B7-FF7C-41CD-BD3A-E1C8BE38881A}.CD_ROM|Any CPU.Build.0 = Release|Any CPU
		{D4C2F1B7-FF7C-41CD-BD3A-E1C8BE38881A}.Debug|Any CPU.ActiveCfg = Debug|Any CPU
		{D4C2F1B7-FF7C-41CD-BD3A-E1C8BE38881A}.Debug|Any CPU.Build.0 = Debug|Any CPU
		{D4C2F1B7-FF7C-41CD-BD3A-E1C8BE38881A}.DVD-5|Any CPU.ActiveCfg = Debug|Any CPU
		{D4C2F1B7-FF7C-41CD-BD3A-E1C8BE38881A}.DVD-5|Any CPU.Build.0 = Debug|Any CPU
		{D4C2F1B7-FF7C-41CD-BD3A-E1C8BE38881A}.Release|Any CPU.ActiveCfg = Release|Any CPU
		{D4C2F1B7-FF7C-41CD-BD3A-E1C8BE38881A}.Release|Any CPU.Build.0 = Release|Any CPU
		{D4C2F1B7-FF7C-41CD-BD3A-E1C8BE38881A}.SingleImage|Any CPU.ActiveCfg = Release|Any CPU
		{D4C2F1B7-FF7C-41CD-BD3A-E1C8BE38881A}.SingleImage|Any CPU.Build.0 = Release|Any CPU
		{9274528E-0544-4BB7-8958-AA05380E0F7C}.CD_ROM|Any CPU.ActiveCfg = Release|Any CPU
		{9274528E-0544-4BB7-8958-AA05380E0F7C}.CD_ROM|Any CPU.Build.0 = Release|Any CPU
		{9274528E-0544-4BB7-8958-AA05380E0F7C}.Debug|Any CPU.ActiveCfg = Debug|Any CPU
		{9274528E-0544-4BB7-8958-AA05380E0F7C}.Debug|Any CPU.Build.0 = Debug|Any CPU
		{9274528E-0544-4BB7-8958-AA05380E0F7C}.DVD-5|Any CPU.ActiveCfg = Debug|Any CPU
		{9274528E-0544-4BB7-8958-AA05380E0F7C}.DVD-5|Any CPU.Build.0 = Debug|Any CPU
		{9274528E-0544-4BB7-8958-AA05380E0F7C}.Release|Any CPU.ActiveCfg = Release|Any CPU
		{9274528E-0544-4BB7-8958-AA05380E0F7C}.Release|Any CPU.Build.0 = Release|Any CPU
		{9274528E-0544-4BB7-8958-AA05380E0F7C}.SingleImage|Any CPU.ActiveCfg = Release|Any CPU
		{9274528E-0544-4BB7-8958-AA05380E0F7C}.SingleImage|Any CPU.Build.0 = Release|Any CPU
		{30AD1166-4E0D-447B-A65F-208DEFE17506}.CD_ROM|Any CPU.ActiveCfg = Release|Any CPU
		{30AD1166-4E0D-447B-A65F-208DEFE17506}.CD_ROM|Any CPU.Build.0 = Release|Any CPU
		{30AD1166-4E0D-447B-A65F-208DEFE17506}.Debug|Any CPU.ActiveCfg = Debug|Any CPU
		{30AD1166-4E0D-447B-A65F-208DEFE17506}.Debug|Any CPU.Build.0 = Debug|Any CPU
		{30AD1166-4E0D-447B-A65F-208DEFE17506}.DVD-5|Any CPU.ActiveCfg = Debug|Any CPU
		{30AD1166-4E0D-447B-A65F-208DEFE17506}.DVD-5|Any CPU.Build.0 = Debug|Any CPU
		{30AD1166-4E0D-447B-A65F-208DEFE17506}.Release|Any CPU.ActiveCfg = Release|Any CPU
		{30AD1166-4E0D-447B-A65F-208DEFE17506}.Release|Any CPU.Build.0 = Release|Any CPU
		{30AD1166-4E0D-447B-A65F-208DEFE17506}.SingleImage|Any CPU.ActiveCfg = Release|Any CPU
		{30AD1166-4E0D-447B-A65F-208DEFE17506}.SingleImage|Any CPU.Build.0 = Release|Any CPU
		{A886218A-A903-494F-B535-59E1F85E98F1}.CD_ROM|Any CPU.ActiveCfg = Release|Any CPU
		{A886218A-A903-494F-B535-59E1F85E98F1}.CD_ROM|Any CPU.Build.0 = Release|Any CPU
		{A886218A-A903-494F-B535-59E1F85E98F1}.Debug|Any CPU.ActiveCfg = Debug|Any CPU
		{A886218A-A903-494F-B535-59E1F85E98F1}.Debug|Any CPU.Build.0 = Debug|Any CPU
		{A886218A-A903-494F-B535-59E1F85E98F1}.DVD-5|Any CPU.ActiveCfg = Debug|Any CPU
		{A886218A-A903-494F-B535-59E1F85E98F1}.DVD-5|Any CPU.Build.0 = Debug|Any CPU
		{A886218A-A903-494F-B535-59E1F85E98F1}.Release|Any CPU.ActiveCfg = Release|Any CPU
		{A886218A-A903-494F-B535-59E1F85E98F1}.Release|Any CPU.Build.0 = Release|Any CPU
		{A886218A-A903-494F-B535-59E1F85E98F1}.SingleImage|Any CPU.ActiveCfg = Release|Any CPU
		{A886218A-A903-494F-B535-59E1F85E98F1}.SingleImage|Any CPU.Build.0 = Release|Any CPU
		{798DE5A2-938C-4C5C-96B2-BEF3D16F245F}.CD_ROM|Any CPU.ActiveCfg = Release|Any CPU
		{798DE5A2-938C-4C5C-96B2-BEF3D16F245F}.CD_ROM|Any CPU.Build.0 = Release|Any CPU
		{798DE5A2-938C-4C5C-96B2-BEF3D16F245F}.Debug|Any CPU.ActiveCfg = Debug|Any CPU
		{798DE5A2-938C-4C5C-96B2-BEF3D16F245F}.Debug|Any CPU.Build.0 = Debug|Any CPU
		{798DE5A2-938C-4C5C-96B2-BEF3D16F245F}.DVD-5|Any CPU.ActiveCfg = Debug|Any CPU
		{798DE5A2-938C-4C5C-96B2-BEF3D16F245F}.DVD-5|Any CPU.Build.0 = Debug|Any CPU
		{798DE5A2-938C-4C5C-96B2-BEF3D16F245F}.Release|Any CPU.ActiveCfg = Release|Any CPU
		{798DE5A2-938C-4C5C-96B2-BEF3D16F245F}.Release|Any CPU.Build.0 = Release|Any CPU
		{798DE5A2-938C-4C5C-96B2-BEF3D16F245F}.SingleImage|Any CPU.ActiveCfg = Release|Any CPU
		{798DE5A2-938C-4C5C-96B2-BEF3D16F245F}.SingleImage|Any CPU.Build.0 = Release|Any CPU
	EndGlobalSection
	GlobalSection(SolutionProperties) = preSolution
		HideSolutionNode = FALSE
	EndGlobalSection
EndGlobal
